
Microsoft Visual Studio Solution File, Format Version 12.00
# Visual Studio Version 17
VisualStudioVersion = 17.0.32112.339
MinimumVisualStudioVersion = 15.0.26124.0
Project("{9A19103F-16F7-4668-BE54-9A1E7A4F7556}") = "Streamiz.Kafka.Net", "core\Streamiz.Kafka.Net.csproj", "{4812257D-B650-44DA-AD06-1E9EFC4E7992}"
EndProject
Project("{9A19103F-16F7-4668-BE54-9A1E7A4F7556}") = "sample-stream", "samples\sample-stream\sample-stream.csproj", "{57CA84AD-2E9F-4E4D-94B7-B8CF534B0B0E}"
EndProject
Project("{9A19103F-16F7-4668-BE54-9A1E7A4F7556}") = "Producer", "test\Producer\Producer.csproj", "{A8367BFB-F9E0-43D6-AE4E-DA4FC353D413}"
EndProject
Project("{2150E333-8FDC-42A3-9474-1A3956D46DE8}") = "Core", "Core", "{3C748A6C-9316-4507-8FEE-77C684C4F028}"
EndProject
Project("{2150E333-8FDC-42A3-9474-1A3956D46DE8}") = "Sample", "Sample", "{FFB1B148-D781-4D08-A1E8-4A7F7147FCD4}"
EndProject
Project("{2150E333-8FDC-42A3-9474-1A3956D46DE8}") = "Test", "Test", "{9526F3C9-8E0C-490B-A2B0-F6DA233314D0}"
EndProject
Project("{9A19103F-16F7-4668-BE54-9A1E7A4F7556}") = "Consumer", "test\Consumer\Consumer.csproj", "{F725913E-F02E-4E77-9F99-A219C453E111}"
EndProject
Project("{2150E333-8FDC-42A3-9474-1A3956D46DE8}") = "GenerateData", "GenerateData", "{E3C25908-114E-4CD0-BD07-4660152F3A70}"
EndProject
Project("{9A19103F-16F7-4668-BE54-9A1E7A4F7556}") = "sample-test-driver", "samples\sample-test-driver\sample-test-driver.csproj", "{5671E175-D880-4B49-A0ED-47F6531DDF32}"
EndProject
Project("{9A19103F-16F7-4668-BE54-9A1E7A4F7556}") = "Streamiz.Kafka.Net.Tests", "test\Streamiz.Kafka.Net.Tests\Streamiz.Kafka.Net.Tests.csproj", "{6AE2D31F-20D4-4A9B-8B90-62DE180C7E5C}"
EndProject
Project("{9A19103F-16F7-4668-BE54-9A1E7A4F7556}") = "sample-stream-registry", "samples\sample-stream-registry\sample-stream-registry.csproj", "{FFD63973-67BE-4142-AC82-A74D487B22B3}"
EndProject
Project("{9A19103F-16F7-4668-BE54-9A1E7A4F7556}") = "Producer-Avro", "test\Producer-Avro\Producer-Avro.csproj", "{A8D0F9DD-AFC2-42E7-BD5B-8E667EEBBFDA}"
EndProject
Project("{9A19103F-16F7-4668-BE54-9A1E7A4F7556}") = "Streamiz.Kafka.Net.SchemaRegistry.SerDes.Avro", "serdes\Streamiz.Kafka.Net.SchemaRegistry.SerDes.Avro\Streamiz.Kafka.Net.SchemaRegistry.SerDes.Avro.csproj", "{2BC1A318-1AE9-4A32-B8B1-D8296FABFF8B}"
EndProject
Project("{9A19103F-16F7-4668-BE54-9A1E7A4F7556}") = "Streamiz.Kafka.Net.SchemaRegistry.SerDes", "serdes\Streamiz.Kafka.Net.SchemaRegistry.SerDes\Streamiz.Kafka.Net.SchemaRegistry.SerDes.csproj", "{4D0FD00A-D2C5-470A-A808-C23F1448E68E}"
EndProject
Project("{9A19103F-16F7-4668-BE54-9A1E7A4F7556}") = "Streamiz.Kafka.Net.SchemaRegistry.SerDes.Protobuf", "serdes\Streamiz.Kafka.Net.SchemaRegistry.SerDes.Protobuf\Streamiz.Kafka.Net.SchemaRegistry.SerDes.Protobuf.csproj", "{21CD1F56-F1AF-42BD-877B-43AC36A43793}"
EndProject
Project("{9A19103F-16F7-4668-BE54-9A1E7A4F7556}") = "sample-micro-service", "samples\sample-micro-service\sample-micro-service.csproj", "{1D4EA25C-E34D-4B0D-BE81-826D4D36AC03}"
EndProject
Project("{2150E333-8FDC-42A3-9474-1A3956D46DE8}") = "Crosscutting", "Crosscutting", "{A34792BA-25DD-44A5-B420-9CC810379BFE}"
EndProject
Project("{9A19103F-16F7-4668-BE54-9A1E7A4F7556}") = "Streamiz.Kafka.Net.Metrics.Prometheus", "metrics\Streamiz.Kafka.Net.Metrics.Prometheus\Streamiz.Kafka.Net.Metrics.Prometheus.csproj", "{29CB687B-951E-4B3E-AD1C-13B222490091}"
EndProject
Project("{9A19103F-16F7-4668-BE54-9A1E7A4F7556}") = "sample-stream-demo", "samples\sample-stream-demo\sample-stream-demo.csproj", "{55E20242-D62A-4E5C-8D14-5DC6E544B6FB}"
EndProject
Project("{9A19103F-16F7-4668-BE54-9A1E7A4F7556}") = "Streamiz.Kafka.Net.SchemaRegistry.SerDes.Chr.Avro", "serdes\Streamiz.Kafka.Net.SchemaRegistry.SerDes.Chr.Avro\Streamiz.Kafka.Net.SchemaRegistry.SerDes.Chr.Avro.csproj", "{A8B3B087-4020-471D-9594-2893318FB81E}"
EndProject
Project("{9A19103F-16F7-4668-BE54-9A1E7A4F7556}") = "sample-stream-registry-chr-avro", "samples\sample-stream-registry-chr-avro\sample-stream-registry-chr-avro.csproj", "{5F1CBD5C-F7C7-4701-8C55-8D5BC960A218}"
EndProject
Global
	GlobalSection(SolutionConfigurationPlatforms) = preSolution
		Debug|Any CPU = Debug|Any CPU
		Debug|x64 = Debug|x64
		Debug|x86 = Debug|x86
		Release|Any CPU = Release|Any CPU
		Release|x64 = Release|x64
		Release|x86 = Release|x86
	EndGlobalSection
	GlobalSection(ProjectConfigurationPlatforms) = postSolution
		{4812257D-B650-44DA-AD06-1E9EFC4E7992}.Debug|Any CPU.ActiveCfg = Debug|Any CPU
		{4812257D-B650-44DA-AD06-1E9EFC4E7992}.Debug|Any CPU.Build.0 = Debug|Any CPU
		{4812257D-B650-44DA-AD06-1E9EFC4E7992}.Debug|x64.ActiveCfg = Debug|Any CPU
		{4812257D-B650-44DA-AD06-1E9EFC4E7992}.Debug|x64.Build.0 = Debug|Any CPU
		{4812257D-B650-44DA-AD06-1E9EFC4E7992}.Debug|x86.ActiveCfg = Debug|Any CPU
		{4812257D-B650-44DA-AD06-1E9EFC4E7992}.Debug|x86.Build.0 = Debug|Any CPU
		{4812257D-B650-44DA-AD06-1E9EFC4E7992}.Release|Any CPU.ActiveCfg = Release|Any CPU
		{4812257D-B650-44DA-AD06-1E9EFC4E7992}.Release|Any CPU.Build.0 = Release|Any CPU
		{4812257D-B650-44DA-AD06-1E9EFC4E7992}.Release|x64.ActiveCfg = Release|Any CPU
		{4812257D-B650-44DA-AD06-1E9EFC4E7992}.Release|x64.Build.0 = Release|Any CPU
		{4812257D-B650-44DA-AD06-1E9EFC4E7992}.Release|x86.ActiveCfg = Release|Any CPU
		{4812257D-B650-44DA-AD06-1E9EFC4E7992}.Release|x86.Build.0 = Release|Any CPU
		{57CA84AD-2E9F-4E4D-94B7-B8CF534B0B0E}.Debug|Any CPU.ActiveCfg = Debug|Any CPU
		{57CA84AD-2E9F-4E4D-94B7-B8CF534B0B0E}.Debug|Any CPU.Build.0 = Debug|Any CPU
		{57CA84AD-2E9F-4E4D-94B7-B8CF534B0B0E}.Debug|x64.ActiveCfg = Debug|Any CPU
		{57CA84AD-2E9F-4E4D-94B7-B8CF534B0B0E}.Debug|x64.Build.0 = Debug|Any CPU
		{57CA84AD-2E9F-4E4D-94B7-B8CF534B0B0E}.Debug|x86.ActiveCfg = Debug|Any CPU
		{57CA84AD-2E9F-4E4D-94B7-B8CF534B0B0E}.Debug|x86.Build.0 = Debug|Any CPU
		{57CA84AD-2E9F-4E4D-94B7-B8CF534B0B0E}.Release|Any CPU.ActiveCfg = Release|Any CPU
		{57CA84AD-2E9F-4E4D-94B7-B8CF534B0B0E}.Release|Any CPU.Build.0 = Release|Any CPU
		{57CA84AD-2E9F-4E4D-94B7-B8CF534B0B0E}.Release|x64.ActiveCfg = Release|Any CPU
		{57CA84AD-2E9F-4E4D-94B7-B8CF534B0B0E}.Release|x64.Build.0 = Release|Any CPU
		{57CA84AD-2E9F-4E4D-94B7-B8CF534B0B0E}.Release|x86.ActiveCfg = Release|Any CPU
		{57CA84AD-2E9F-4E4D-94B7-B8CF534B0B0E}.Release|x86.Build.0 = Release|Any CPU
		{A8367BFB-F9E0-43D6-AE4E-DA4FC353D413}.Debug|Any CPU.ActiveCfg = Debug|Any CPU
		{A8367BFB-F9E0-43D6-AE4E-DA4FC353D413}.Debug|Any CPU.Build.0 = Debug|Any CPU
		{A8367BFB-F9E0-43D6-AE4E-DA4FC353D413}.Debug|x64.ActiveCfg = Debug|Any CPU
		{A8367BFB-F9E0-43D6-AE4E-DA4FC353D413}.Debug|x64.Build.0 = Debug|Any CPU
		{A8367BFB-F9E0-43D6-AE4E-DA4FC353D413}.Debug|x86.ActiveCfg = Debug|Any CPU
		{A8367BFB-F9E0-43D6-AE4E-DA4FC353D413}.Debug|x86.Build.0 = Debug|Any CPU
		{A8367BFB-F9E0-43D6-AE4E-DA4FC353D413}.Release|Any CPU.ActiveCfg = Release|Any CPU
		{A8367BFB-F9E0-43D6-AE4E-DA4FC353D413}.Release|Any CPU.Build.0 = Release|Any CPU
		{A8367BFB-F9E0-43D6-AE4E-DA4FC353D413}.Release|x64.ActiveCfg = Release|Any CPU
		{A8367BFB-F9E0-43D6-AE4E-DA4FC353D413}.Release|x64.Build.0 = Release|Any CPU
		{A8367BFB-F9E0-43D6-AE4E-DA4FC353D413}.Release|x86.ActiveCfg = Release|Any CPU
		{A8367BFB-F9E0-43D6-AE4E-DA4FC353D413}.Release|x86.Build.0 = Release|Any CPU
		{F725913E-F02E-4E77-9F99-A219C453E111}.Debug|Any CPU.ActiveCfg = Debug|Any CPU
		{F725913E-F02E-4E77-9F99-A219C453E111}.Debug|Any CPU.Build.0 = Debug|Any CPU
		{F725913E-F02E-4E77-9F99-A219C453E111}.Debug|x64.ActiveCfg = Debug|Any CPU
		{F725913E-F02E-4E77-9F99-A219C453E111}.Debug|x64.Build.0 = Debug|Any CPU
		{F725913E-F02E-4E77-9F99-A219C453E111}.Debug|x86.ActiveCfg = Debug|Any CPU
		{F725913E-F02E-4E77-9F99-A219C453E111}.Debug|x86.Build.0 = Debug|Any CPU
		{F725913E-F02E-4E77-9F99-A219C453E111}.Release|Any CPU.ActiveCfg = Release|Any CPU
		{F725913E-F02E-4E77-9F99-A219C453E111}.Release|Any CPU.Build.0 = Release|Any CPU
		{F725913E-F02E-4E77-9F99-A219C453E111}.Release|x64.ActiveCfg = Release|Any CPU
		{F725913E-F02E-4E77-9F99-A219C453E111}.Release|x64.Build.0 = Release|Any CPU
		{F725913E-F02E-4E77-9F99-A219C453E111}.Release|x86.ActiveCfg = Release|Any CPU
		{F725913E-F02E-4E77-9F99-A219C453E111}.Release|x86.Build.0 = Release|Any CPU
		{5671E175-D880-4B49-A0ED-47F6531DDF32}.Debug|Any CPU.ActiveCfg = Debug|Any CPU
		{5671E175-D880-4B49-A0ED-47F6531DDF32}.Debug|Any CPU.Build.0 = Debug|Any CPU
		{5671E175-D880-4B49-A0ED-47F6531DDF32}.Debug|x64.ActiveCfg = Debug|Any CPU
		{5671E175-D880-4B49-A0ED-47F6531DDF32}.Debug|x64.Build.0 = Debug|Any CPU
		{5671E175-D880-4B49-A0ED-47F6531DDF32}.Debug|x86.ActiveCfg = Debug|Any CPU
		{5671E175-D880-4B49-A0ED-47F6531DDF32}.Debug|x86.Build.0 = Debug|Any CPU
		{5671E175-D880-4B49-A0ED-47F6531DDF32}.Release|Any CPU.ActiveCfg = Release|Any CPU
		{5671E175-D880-4B49-A0ED-47F6531DDF32}.Release|Any CPU.Build.0 = Release|Any CPU
		{5671E175-D880-4B49-A0ED-47F6531DDF32}.Release|x64.ActiveCfg = Release|Any CPU
		{5671E175-D880-4B49-A0ED-47F6531DDF32}.Release|x64.Build.0 = Release|Any CPU
		{5671E175-D880-4B49-A0ED-47F6531DDF32}.Release|x86.ActiveCfg = Release|Any CPU
		{5671E175-D880-4B49-A0ED-47F6531DDF32}.Release|x86.Build.0 = Release|Any CPU
		{6AE2D31F-20D4-4A9B-8B90-62DE180C7E5C}.Debug|Any CPU.ActiveCfg = Debug|Any CPU
		{6AE2D31F-20D4-4A9B-8B90-62DE180C7E5C}.Debug|Any CPU.Build.0 = Debug|Any CPU
		{6AE2D31F-20D4-4A9B-8B90-62DE180C7E5C}.Debug|x64.ActiveCfg = Debug|Any CPU
		{6AE2D31F-20D4-4A9B-8B90-62DE180C7E5C}.Debug|x64.Build.0 = Debug|Any CPU
		{6AE2D31F-20D4-4A9B-8B90-62DE180C7E5C}.Debug|x86.ActiveCfg = Debug|Any CPU
		{6AE2D31F-20D4-4A9B-8B90-62DE180C7E5C}.Debug|x86.Build.0 = Debug|Any CPU
		{6AE2D31F-20D4-4A9B-8B90-62DE180C7E5C}.Release|Any CPU.ActiveCfg = Release|Any CPU
		{6AE2D31F-20D4-4A9B-8B90-62DE180C7E5C}.Release|Any CPU.Build.0 = Release|Any CPU
		{6AE2D31F-20D4-4A9B-8B90-62DE180C7E5C}.Release|x64.ActiveCfg = Release|Any CPU
		{6AE2D31F-20D4-4A9B-8B90-62DE180C7E5C}.Release|x64.Build.0 = Release|Any CPU
		{6AE2D31F-20D4-4A9B-8B90-62DE180C7E5C}.Release|x86.ActiveCfg = Release|Any CPU
		{6AE2D31F-20D4-4A9B-8B90-62DE180C7E5C}.Release|x86.Build.0 = Release|Any CPU
		{FFD63973-67BE-4142-AC82-A74D487B22B3}.Debug|Any CPU.ActiveCfg = Debug|Any CPU
		{FFD63973-67BE-4142-AC82-A74D487B22B3}.Debug|Any CPU.Build.0 = Debug|Any CPU
		{FFD63973-67BE-4142-AC82-A74D487B22B3}.Debug|x64.ActiveCfg = Debug|Any CPU
		{FFD63973-67BE-4142-AC82-A74D487B22B3}.Debug|x64.Build.0 = Debug|Any CPU
		{FFD63973-67BE-4142-AC82-A74D487B22B3}.Debug|x86.ActiveCfg = Debug|Any CPU
		{FFD63973-67BE-4142-AC82-A74D487B22B3}.Debug|x86.Build.0 = Debug|Any CPU
		{FFD63973-67BE-4142-AC82-A74D487B22B3}.Release|Any CPU.ActiveCfg = Release|Any CPU
		{FFD63973-67BE-4142-AC82-A74D487B22B3}.Release|Any CPU.Build.0 = Release|Any CPU
		{FFD63973-67BE-4142-AC82-A74D487B22B3}.Release|x64.ActiveCfg = Release|Any CPU
		{FFD63973-67BE-4142-AC82-A74D487B22B3}.Release|x64.Build.0 = Release|Any CPU
		{FFD63973-67BE-4142-AC82-A74D487B22B3}.Release|x86.ActiveCfg = Release|Any CPU
		{FFD63973-67BE-4142-AC82-A74D487B22B3}.Release|x86.Build.0 = Release|Any CPU
		{A8D0F9DD-AFC2-42E7-BD5B-8E667EEBBFDA}.Debug|Any CPU.ActiveCfg = Debug|Any CPU
		{A8D0F9DD-AFC2-42E7-BD5B-8E667EEBBFDA}.Debug|Any CPU.Build.0 = Debug|Any CPU
		{A8D0F9DD-AFC2-42E7-BD5B-8E667EEBBFDA}.Debug|x64.ActiveCfg = Debug|Any CPU
		{A8D0F9DD-AFC2-42E7-BD5B-8E667EEBBFDA}.Debug|x64.Build.0 = Debug|Any CPU
		{A8D0F9DD-AFC2-42E7-BD5B-8E667EEBBFDA}.Debug|x86.ActiveCfg = Debug|Any CPU
		{A8D0F9DD-AFC2-42E7-BD5B-8E667EEBBFDA}.Debug|x86.Build.0 = Debug|Any CPU
		{A8D0F9DD-AFC2-42E7-BD5B-8E667EEBBFDA}.Release|Any CPU.ActiveCfg = Release|Any CPU
		{A8D0F9DD-AFC2-42E7-BD5B-8E667EEBBFDA}.Release|Any CPU.Build.0 = Release|Any CPU
		{A8D0F9DD-AFC2-42E7-BD5B-8E667EEBBFDA}.Release|x64.ActiveCfg = Release|Any CPU
		{A8D0F9DD-AFC2-42E7-BD5B-8E667EEBBFDA}.Release|x64.Build.0 = Release|Any CPU
		{A8D0F9DD-AFC2-42E7-BD5B-8E667EEBBFDA}.Release|x86.ActiveCfg = Release|Any CPU
		{A8D0F9DD-AFC2-42E7-BD5B-8E667EEBBFDA}.Release|x86.Build.0 = Release|Any CPU
		{2BC1A318-1AE9-4A32-B8B1-D8296FABFF8B}.Debug|Any CPU.ActiveCfg = Debug|Any CPU
		{2BC1A318-1AE9-4A32-B8B1-D8296FABFF8B}.Debug|Any CPU.Build.0 = Debug|Any CPU
		{2BC1A318-1AE9-4A32-B8B1-D8296FABFF8B}.Debug|x64.ActiveCfg = Debug|Any CPU
		{2BC1A318-1AE9-4A32-B8B1-D8296FABFF8B}.Debug|x64.Build.0 = Debug|Any CPU
		{2BC1A318-1AE9-4A32-B8B1-D8296FABFF8B}.Debug|x86.ActiveCfg = Debug|Any CPU
		{2BC1A318-1AE9-4A32-B8B1-D8296FABFF8B}.Debug|x86.Build.0 = Debug|Any CPU
		{2BC1A318-1AE9-4A32-B8B1-D8296FABFF8B}.Release|Any CPU.ActiveCfg = Release|Any CPU
		{2BC1A318-1AE9-4A32-B8B1-D8296FABFF8B}.Release|Any CPU.Build.0 = Release|Any CPU
		{2BC1A318-1AE9-4A32-B8B1-D8296FABFF8B}.Release|x64.ActiveCfg = Release|Any CPU
		{2BC1A318-1AE9-4A32-B8B1-D8296FABFF8B}.Release|x64.Build.0 = Release|Any CPU
		{2BC1A318-1AE9-4A32-B8B1-D8296FABFF8B}.Release|x86.ActiveCfg = Release|Any CPU
		{2BC1A318-1AE9-4A32-B8B1-D8296FABFF8B}.Release|x86.Build.0 = Release|Any CPU
		{4D0FD00A-D2C5-470A-A808-C23F1448E68E}.Debug|Any CPU.ActiveCfg = Debug|Any CPU
		{4D0FD00A-D2C5-470A-A808-C23F1448E68E}.Debug|Any CPU.Build.0 = Debug|Any CPU
		{4D0FD00A-D2C5-470A-A808-C23F1448E68E}.Debug|x64.ActiveCfg = Debug|Any CPU
		{4D0FD00A-D2C5-470A-A808-C23F1448E68E}.Debug|x64.Build.0 = Debug|Any CPU
		{4D0FD00A-D2C5-470A-A808-C23F1448E68E}.Debug|x86.ActiveCfg = Debug|Any CPU
		{4D0FD00A-D2C5-470A-A808-C23F1448E68E}.Debug|x86.Build.0 = Debug|Any CPU
		{4D0FD00A-D2C5-470A-A808-C23F1448E68E}.Release|Any CPU.ActiveCfg = Release|Any CPU
		{4D0FD00A-D2C5-470A-A808-C23F1448E68E}.Release|Any CPU.Build.0 = Release|Any CPU
		{4D0FD00A-D2C5-470A-A808-C23F1448E68E}.Release|x64.ActiveCfg = Release|Any CPU
		{4D0FD00A-D2C5-470A-A808-C23F1448E68E}.Release|x64.Build.0 = Release|Any CPU
		{4D0FD00A-D2C5-470A-A808-C23F1448E68E}.Release|x86.ActiveCfg = Release|Any CPU
		{4D0FD00A-D2C5-470A-A808-C23F1448E68E}.Release|x86.Build.0 = Release|Any CPU
		{21CD1F56-F1AF-42BD-877B-43AC36A43793}.Debug|Any CPU.ActiveCfg = Debug|Any CPU
		{21CD1F56-F1AF-42BD-877B-43AC36A43793}.Debug|Any CPU.Build.0 = Debug|Any CPU
		{21CD1F56-F1AF-42BD-877B-43AC36A43793}.Debug|x64.ActiveCfg = Debug|Any CPU
		{21CD1F56-F1AF-42BD-877B-43AC36A43793}.Debug|x64.Build.0 = Debug|Any CPU
		{21CD1F56-F1AF-42BD-877B-43AC36A43793}.Debug|x86.ActiveCfg = Debug|Any CPU
		{21CD1F56-F1AF-42BD-877B-43AC36A43793}.Debug|x86.Build.0 = Debug|Any CPU
		{21CD1F56-F1AF-42BD-877B-43AC36A43793}.Release|Any CPU.ActiveCfg = Release|Any CPU
		{21CD1F56-F1AF-42BD-877B-43AC36A43793}.Release|Any CPU.Build.0 = Release|Any CPU
		{21CD1F56-F1AF-42BD-877B-43AC36A43793}.Release|x64.ActiveCfg = Release|Any CPU
		{21CD1F56-F1AF-42BD-877B-43AC36A43793}.Release|x64.Build.0 = Release|Any CPU
		{21CD1F56-F1AF-42BD-877B-43AC36A43793}.Release|x86.ActiveCfg = Release|Any CPU
		{21CD1F56-F1AF-42BD-877B-43AC36A43793}.Release|x86.Build.0 = Release|Any CPU
		{1D4EA25C-E34D-4B0D-BE81-826D4D36AC03}.Debug|Any CPU.ActiveCfg = Debug|Any CPU
		{1D4EA25C-E34D-4B0D-BE81-826D4D36AC03}.Debug|Any CPU.Build.0 = Debug|Any CPU
		{1D4EA25C-E34D-4B0D-BE81-826D4D36AC03}.Debug|x64.ActiveCfg = Debug|Any CPU
		{1D4EA25C-E34D-4B0D-BE81-826D4D36AC03}.Debug|x64.Build.0 = Debug|Any CPU
		{1D4EA25C-E34D-4B0D-BE81-826D4D36AC03}.Debug|x86.ActiveCfg = Debug|Any CPU
		{1D4EA25C-E34D-4B0D-BE81-826D4D36AC03}.Debug|x86.Build.0 = Debug|Any CPU
		{1D4EA25C-E34D-4B0D-BE81-826D4D36AC03}.Release|Any CPU.ActiveCfg = Release|Any CPU
		{1D4EA25C-E34D-4B0D-BE81-826D4D36AC03}.Release|Any CPU.Build.0 = Release|Any CPU
		{1D4EA25C-E34D-4B0D-BE81-826D4D36AC03}.Release|x64.ActiveCfg = Release|Any CPU
		{1D4EA25C-E34D-4B0D-BE81-826D4D36AC03}.Release|x64.Build.0 = Release|Any CPU
		{1D4EA25C-E34D-4B0D-BE81-826D4D36AC03}.Release|x86.ActiveCfg = Release|Any CPU
		{1D4EA25C-E34D-4B0D-BE81-826D4D36AC03}.Release|x86.Build.0 = Release|Any CPU
		{29CB687B-951E-4B3E-AD1C-13B222490091}.Debug|Any CPU.ActiveCfg = Debug|Any CPU
		{29CB687B-951E-4B3E-AD1C-13B222490091}.Debug|Any CPU.Build.0 = Debug|Any CPU
		{29CB687B-951E-4B3E-AD1C-13B222490091}.Debug|x64.ActiveCfg = Debug|Any CPU
		{29CB687B-951E-4B3E-AD1C-13B222490091}.Debug|x64.Build.0 = Debug|Any CPU
		{29CB687B-951E-4B3E-AD1C-13B222490091}.Debug|x86.ActiveCfg = Debug|Any CPU
		{29CB687B-951E-4B3E-AD1C-13B222490091}.Debug|x86.Build.0 = Debug|Any CPU
		{29CB687B-951E-4B3E-AD1C-13B222490091}.Release|Any CPU.ActiveCfg = Release|Any CPU
		{29CB687B-951E-4B3E-AD1C-13B222490091}.Release|Any CPU.Build.0 = Release|Any CPU
		{29CB687B-951E-4B3E-AD1C-13B222490091}.Release|x64.ActiveCfg = Release|Any CPU
		{29CB687B-951E-4B3E-AD1C-13B222490091}.Release|x64.Build.0 = Release|Any CPU
		{29CB687B-951E-4B3E-AD1C-13B222490091}.Release|x86.ActiveCfg = Release|Any CPU
		{29CB687B-951E-4B3E-AD1C-13B222490091}.Release|x86.Build.0 = Release|Any CPU
		{55E20242-D62A-4E5C-8D14-5DC6E544B6FB}.Debug|Any CPU.ActiveCfg = Debug|Any CPU
		{55E20242-D62A-4E5C-8D14-5DC6E544B6FB}.Debug|Any CPU.Build.0 = Debug|Any CPU
		{55E20242-D62A-4E5C-8D14-5DC6E544B6FB}.Debug|x64.ActiveCfg = Debug|Any CPU
		{55E20242-D62A-4E5C-8D14-5DC6E544B6FB}.Debug|x64.Build.0 = Debug|Any CPU
		{55E20242-D62A-4E5C-8D14-5DC6E544B6FB}.Debug|x86.ActiveCfg = Debug|Any CPU
		{55E20242-D62A-4E5C-8D14-5DC6E544B6FB}.Debug|x86.Build.0 = Debug|Any CPU
		{55E20242-D62A-4E5C-8D14-5DC6E544B6FB}.Release|Any CPU.ActiveCfg = Release|Any CPU
		{55E20242-D62A-4E5C-8D14-5DC6E544B6FB}.Release|Any CPU.Build.0 = Release|Any CPU
		{55E20242-D62A-4E5C-8D14-5DC6E544B6FB}.Release|x64.ActiveCfg = Release|Any CPU
		{55E20242-D62A-4E5C-8D14-5DC6E544B6FB}.Release|x64.Build.0 = Release|Any CPU
		{55E20242-D62A-4E5C-8D14-5DC6E544B6FB}.Release|x86.ActiveCfg = Release|Any CPU
		{55E20242-D62A-4E5C-8D14-5DC6E544B6FB}.Release|x86.Build.0 = Release|Any CPU
		{A8B3B087-4020-471D-9594-2893318FB81E}.Debug|Any CPU.ActiveCfg = Debug|Any CPU
		{A8B3B087-4020-471D-9594-2893318FB81E}.Debug|Any CPU.Build.0 = Debug|Any CPU
		{A8B3B087-4020-471D-9594-2893318FB81E}.Debug|x64.ActiveCfg = Debug|Any CPU
		{A8B3B087-4020-471D-9594-2893318FB81E}.Debug|x64.Build.0 = Debug|Any CPU
		{A8B3B087-4020-471D-9594-2893318FB81E}.Debug|x86.ActiveCfg = Debug|Any CPU
		{A8B3B087-4020-471D-9594-2893318FB81E}.Debug|x86.Build.0 = Debug|Any CPU
		{A8B3B087-4020-471D-9594-2893318FB81E}.Release|Any CPU.ActiveCfg = Release|Any CPU
		{A8B3B087-4020-471D-9594-2893318FB81E}.Release|Any CPU.Build.0 = Release|Any CPU
		{A8B3B087-4020-471D-9594-2893318FB81E}.Release|x64.ActiveCfg = Release|Any CPU
		{A8B3B087-4020-471D-9594-2893318FB81E}.Release|x64.Build.0 = Release|Any CPU
		{A8B3B087-4020-471D-9594-2893318FB81E}.Release|x86.ActiveCfg = Release|Any CPU
		{A8B3B087-4020-471D-9594-2893318FB81E}.Release|x86.Build.0 = Release|Any CPU
		{5F1CBD5C-F7C7-4701-8C55-8D5BC960A218}.Debug|Any CPU.ActiveCfg = Debug|Any CPU
		{5F1CBD5C-F7C7-4701-8C55-8D5BC960A218}.Debug|Any CPU.Build.0 = Debug|Any CPU
		{5F1CBD5C-F7C7-4701-8C55-8D5BC960A218}.Debug|x64.ActiveCfg = Debug|Any CPU
		{5F1CBD5C-F7C7-4701-8C55-8D5BC960A218}.Debug|x64.Build.0 = Debug|Any CPU
		{5F1CBD5C-F7C7-4701-8C55-8D5BC960A218}.Debug|x86.ActiveCfg = Debug|Any CPU
		{5F1CBD5C-F7C7-4701-8C55-8D5BC960A218}.Debug|x86.Build.0 = Debug|Any CPU
		{5F1CBD5C-F7C7-4701-8C55-8D5BC960A218}.Release|Any CPU.ActiveCfg = Release|Any CPU
		{5F1CBD5C-F7C7-4701-8C55-8D5BC960A218}.Release|Any CPU.Build.0 = Release|Any CPU
		{5F1CBD5C-F7C7-4701-8C55-8D5BC960A218}.Release|x64.ActiveCfg = Release|Any CPU
		{5F1CBD5C-F7C7-4701-8C55-8D5BC960A218}.Release|x64.Build.0 = Release|Any CPU
		{5F1CBD5C-F7C7-4701-8C55-8D5BC960A218}.Release|x86.ActiveCfg = Release|Any CPU
		{5F1CBD5C-F7C7-4701-8C55-8D5BC960A218}.Release|x86.Build.0 = Release|Any CPU
	EndGlobalSection
	GlobalSection(SolutionProperties) = preSolution
		HideSolutionNode = FALSE
	EndGlobalSection
	GlobalSection(NestedProjects) = preSolution
		{4812257D-B650-44DA-AD06-1E9EFC4E7992} = {3C748A6C-9316-4507-8FEE-77C684C4F028}
		{57CA84AD-2E9F-4E4D-94B7-B8CF534B0B0E} = {FFB1B148-D781-4D08-A1E8-4A7F7147FCD4}
		{A8367BFB-F9E0-43D6-AE4E-DA4FC353D413} = {E3C25908-114E-4CD0-BD07-4660152F3A70}
		{F725913E-F02E-4E77-9F99-A219C453E111} = {E3C25908-114E-4CD0-BD07-4660152F3A70}
		{5671E175-D880-4B49-A0ED-47F6531DDF32} = {FFB1B148-D781-4D08-A1E8-4A7F7147FCD4}
		{6AE2D31F-20D4-4A9B-8B90-62DE180C7E5C} = {9526F3C9-8E0C-490B-A2B0-F6DA233314D0}
		{FFD63973-67BE-4142-AC82-A74D487B22B3} = {FFB1B148-D781-4D08-A1E8-4A7F7147FCD4}
		{A8D0F9DD-AFC2-42E7-BD5B-8E667EEBBFDA} = {E3C25908-114E-4CD0-BD07-4660152F3A70}
		{2BC1A318-1AE9-4A32-B8B1-D8296FABFF8B} = {3C748A6C-9316-4507-8FEE-77C684C4F028}
		{4D0FD00A-D2C5-470A-A808-C23F1448E68E} = {3C748A6C-9316-4507-8FEE-77C684C4F028}
		{21CD1F56-F1AF-42BD-877B-43AC36A43793} = {3C748A6C-9316-4507-8FEE-77C684C4F028}
		{1D4EA25C-E34D-4B0D-BE81-826D4D36AC03} = {FFB1B148-D781-4D08-A1E8-4A7F7147FCD4}
		{29CB687B-951E-4B3E-AD1C-13B222490091} = {A34792BA-25DD-44A5-B420-9CC810379BFE}
		{55E20242-D62A-4E5C-8D14-5DC6E544B6FB} = {FFB1B148-D781-4D08-A1E8-4A7F7147FCD4}
		{A8B3B087-4020-471D-9594-2893318FB81E} = {3C748A6C-9316-4507-8FEE-77C684C4F028}
		{5F1CBD5C-F7C7-4701-8C55-8D5BC960A218} = {FFB1B148-D781-4D08-A1E8-4A7F7147FCD4}
	EndGlobalSection
	GlobalSection(ExtensibilityGlobals) = postSolution
		SolutionGuid = {66BAF5BD-970F-480F-92B9-761323FFAA58}
	EndGlobalSection
EndGlobal
